// !$*UTF8*$!
{
	archiveVersion = 1;
	classes = {
	};
	objectVersion = 77;
	objects = {

/* Begin PBXBuildFile section */
		6D5650152E7B98E2005A3766 /* Auth in Frameworks */ = {isa = PBXBuildFile; productRef = 6D5650142E7B98E2005A3766 /* Auth */; };
		6D5650172E7B98E2005A3766 /* Functions in Frameworks */ = {isa = PBXBuildFile; productRef = 6D5650162E7B98E2005A3766 /* Functions */; };
		6D5650192E7B98E2005A3766 /* PostgREST in Frameworks */ = {isa = PBXBuildFile; productRef = 6D5650182E7B98E2005A3766 /* PostgREST */; };
		6D56501B2E7B98E2005A3766 /* Realtime in Frameworks */ = {isa = PBXBuildFile; productRef = 6D56501A2E7B98E2005A3766 /* Realtime */; };
		6D56501D2E7B98E2005A3766 /* Storage in Frameworks */ = {isa = PBXBuildFile; productRef = 6D56501C2E7B98E2005A3766 /* Storage */; };
		6D7FCA6E2E7BA0A5000BC851 /* Supabase in Frameworks */ = {isa = PBXBuildFile; productRef = 6D7FCA6D2E7BA0A5000BC851 /* Supabase */; };
/* End PBXBuildFile section */

/* Begin PBXContainerItemProxy section */
		6D20ED082E6F4FC50041B24E /* PBXContainerItemProxy */ = {
			isa = PBXContainerItemProxy;
			containerPortal = 6D20ECF02E6F4FC30041B24E /* Project object */;
			proxyType = 1;
			remoteGlobalIDString = 6D20ECF72E6F4FC30041B24E;
			remoteInfo = XibApp;
		};
		6D20ED122E6F4FC50041B24E /* PBXContainerItemProxy */ = {
			isa = PBXContainerItemProxy;
			containerPortal = 6D20ECF02E6F4FC30041B24E /* Project object */;
			proxyType = 1;
			remoteGlobalIDString = 6D20ECF72E6F4FC30041B24E;
			remoteInfo = XibApp;
		};
/* End PBXContainerItemProxy section */

/* Begin PBXFileReference section */
		6D20ECF82E6F4FC30041B24E /* XibApp.app */ = {isa = PBXFileReference; explicitFileType = wrapper.application; includeInIndex = 0; path = XibApp.app; sourceTree = BUILT_PRODUCTS_DIR; };
		6D20ED072E6F4FC50041B24E /* XibAppTests.xctest */ = {isa = PBXFileReference; explicitFileType = wrapper.cfbundle; includeInIndex = 0; path = XibAppTests.xctest; sourceTree = BUILT_PRODUCTS_DIR; };
		6D20ED112E6F4FC50041B24E /* XibAppUITests.xctest */ = {isa = PBXFileReference; explicitFileType = wrapper.cfbundle; includeInIndex = 0; path = XibAppUITests.xctest; sourceTree = BUILT_PRODUCTS_DIR; };
/* End PBXFileReference section */

/* Begin PBXFileSystemSynchronizedBuildFileExceptionSet section */
		6D94F8D92E70B66E00593739 /* Exceptions for "XibApp" folder in "XibApp" target */ = {
			isa = PBXFileSystemSynchronizedBuildFileExceptionSet;
			membershipExceptions = (
				Info.plist,
			);
			target = 6D20ECF72E6F4FC30041B24E /* XibApp */;
		};
/* End PBXFileSystemSynchronizedBuildFileExceptionSet section */

/* Begin PBXFileSystemSynchronizedRootGroup section */
		6D20ECFA2E6F4FC30041B24E /* XibApp */ = {
			isa = PBXFileSystemSynchronizedRootGroup;
			exceptions = (
				6D94F8D92E70B66E00593739 /* Exceptions for "XibApp" folder in "XibApp" target */,
			);
			path = XibApp;
			sourceTree = "<group>";
		};
		6D20ED0A2E6F4FC50041B24E /* XibAppTests */ = {
			isa = PBXFileSystemSynchronizedRootGroup;
			path = XibAppTests;
			sourceTree = "<group>";
		};
		6D20ED142E6F4FC50041B24E /* XibAppUITests */ = {
			isa = PBXFileSystemSynchronizedRootGroup;
			path = XibAppUITests;
			sourceTree = "<group>";
		};
/* End PBXFileSystemSynchronizedRootGroup section */

/* Begin PBXFrameworksBuildPhase section */
		6D20ECF52E6F4FC30041B24E /* Frameworks */ = {
			isa = PBXFrameworksBuildPhase;
			buildActionMask = 2147483647;
			files = (
				6D5650192E7B98E2005A3766 /* PostgREST in Frameworks */,
				6D5650172E7B98E2005A3766 /* Functions in Frameworks */,
				6D7FCA6E2E7BA0A5000BC851 /* Supabase in Frameworks */,
				6D5650152E7B98E2005A3766 /* Auth in Frameworks */,
				6D56501D2E7B98E2005A3766 /* Storage in Frameworks */,
				6D56501B2E7B98E2005A3766 /* Realtime in Frameworks */,
			);
			runOnlyForDeploymentPostprocessing = 0;
		};
		6D20ED042E6F4FC50041B24E /* Frameworks */ = {
			isa = PBXFrameworksBuildPhase;
			buildActionMask = 2147483647;
			files = (
			);
			runOnlyForDeploymentPostprocessing = 0;
		};
		6D20ED0E2E6F4FC50041B24E /* Frameworks */ = {
			isa = PBXFrameworksBuildPhase;
			buildActionMask = 2147483647;
			files = (
			);
			runOnlyForDeploymentPostprocessing = 0;
		};
/* End PBXFrameworksBuildPhase section */

/* Begin PBXGroup section */
		6D20ECEF2E6F4FC30041B24E = {
			isa = PBXGroup;
			children = (
				6D20ECFA2E6F4FC30041B24E /* XibApp */,
				6D20ED0A2E6F4FC50041B24E /* XibAppTests */,
				6D20ED142E6F4FC50041B24E /* XibAppUITests */,
				6D5650122E7B9427005A3766 /* Frameworks */,
				6D20ECF92E6F4FC30041B24E /* Products */,
			);
			sourceTree = "<group>";
		};
		6D20ECF92E6F4FC30041B24E /* Products */ = {
			isa = PBXGroup;
			children = (
				6D20ECF82E6F4FC30041B24E /* XibApp.app */,
				6D20ED072E6F4FC50041B24E /* XibAppTests.xctest */,
				6D20ED112E6F4FC50041B24E /* XibAppUITests.xctest */,
			);
			name = Products;
			sourceTree = "<group>";
		};
		6D5650122E7B9427005A3766 /* Frameworks */ = {
			isa = PBXGroup;
			children = (
			);
			name = Frameworks;
			sourceTree = "<group>";
		};
/* End PBXGroup section */

/* Begin PBXNativeTarget section */
		6D20ECF72E6F4FC30041B24E /* XibApp */ = {
			isa = PBXNativeTarget;
			buildConfigurationList = 6D20ED1B2E6F4FC50041B24E /* Build configuration list for PBXNativeTarget "XibApp" */;
			buildPhases = (
				6D20ECF42E6F4FC30041B24E /* Sources */,
				6D20ECF52E6F4FC30041B24E /* Frameworks */,
				6D20ECF62E6F4FC30041B24E /* Resources */,
			);
			buildRules = (
			);
			dependencies = (
			);
			fileSystemSynchronizedGroups = (
				6D20ECFA2E6F4FC30041B24E /* XibApp */,
			);
			name = XibApp;
			packageProductDependencies = (
				6D5650142E7B98E2005A3766 /* Auth */,
				6D5650162E7B98E2005A3766 /* Functions */,
				6D5650182E7B98E2005A3766 /* PostgREST */,
				6D56501A2E7B98E2005A3766 /* Realtime */,
				6D56501C2E7B98E2005A3766 /* Storage */,
				6D7FCA6D2E7BA0A5000BC851 /* Supabase */,
			);
			productName = XibApp;
			productReference = 6D20ECF82E6F4FC30041B24E /* XibApp.app */;
			productType = "com.apple.product-type.application";
		};
		6D20ED062E6F4FC50041B24E /* XibAppTests */ = {
			isa = PBXNativeTarget;
			buildConfigurationList = 6D20ED1E2E6F4FC50041B24E /* Build configuration list for PBXNativeTarget "XibAppTests" */;
			buildPhases = (
				6D20ED032E6F4FC50041B24E /* Sources */,
				6D20ED042E6F4FC50041B24E /* Frameworks */,
				6D20ED052E6F4FC50041B24E /* Resources */,
			);
			buildRules = (
			);
			dependencies = (
				6D20ED092E6F4FC50041B24E /* PBXTargetDependency */,
			);
			fileSystemSynchronizedGroups = (
				6D20ED0A2E6F4FC50041B24E /* XibAppTests */,
			);
			name = XibAppTests;
			packageProductDependencies = (
			);
			productName = XibAppTests;
			productReference = 6D20ED072E6F4FC50041B24E /* XibAppTests.xctest */;
			productType = "com.apple.product-type.bundle.unit-test";
		};
		6D20ED102E6F4FC50041B24E /* XibAppUITests */ = {
			isa = PBXNativeTarget;
			buildConfigurationList = 6D20ED212E6F4FC50041B24E /* Build configuration list for PBXNativeTarget "XibAppUITests" */;
			buildPhases = (
				6D20ED0D2E6F4FC50041B24E /* Sources */,
				6D20ED0E2E6F4FC50041B24E /* Frameworks */,
				6D20ED0F2E6F4FC50041B24E /* Resources */,
			);
			buildRules = (
			);
			dependencies = (
				6D20ED132E6F4FC50041B24E /* PBXTargetDependency */,
			);
			fileSystemSynchronizedGroups = (
				6D20ED142E6F4FC50041B24E /* XibAppUITests */,
			);
			name = XibAppUITests;
			packageProductDependencies = (
			);
			productName = XibAppUITests;
			productReference = 6D20ED112E6F4FC50041B24E /* XibAppUITests.xctest */;
			productType = "com.apple.product-type.bundle.ui-testing";
		};
/* End PBXNativeTarget section */

/* Begin PBXProject section */
		6D20ECF02E6F4FC30041B24E /* Project object */ = {
			isa = PBXProject;
			attributes = {
				BuildIndependentTargetsInParallel = 1;
				LastSwiftUpdateCheck = 1640;
				LastUpgradeCheck = 2600;
				TargetAttributes = {
					6D20ECF72E6F4FC30041B24E = {
						CreatedOnToolsVersion = 16.4;
					};
					6D20ED062E6F4FC50041B24E = {
						CreatedOnToolsVersion = 16.4;
						TestTargetID = 6D20ECF72E6F4FC30041B24E;
					};
					6D20ED102E6F4FC50041B24E = {
						CreatedOnToolsVersion = 16.4;
						TestTargetID = 6D20ECF72E6F4FC30041B24E;
					};
				};
			};
			buildConfigurationList = 6D20ECF32E6F4FC30041B24E /* Build configuration list for PBXProject "XibApp" */;
			developmentRegion = en;
			hasScannedForEncodings = 0;
			knownRegions = (
				en,
				Base,
			);
			mainGroup = 6D20ECEF2E6F4FC30041B24E;
			minimizedProjectReferenceProxies = 1;
			packageReferences = (
				6D5650132E7B98E2005A3766 /* XCRemoteSwiftPackageReference "supabase-swift" */,
			);
			preferredProjectObjectVersion = 77;
			productRefGroup = 6D20ECF92E6F4FC30041B24E /* Products */;
			projectDirPath = "";
			projectRoot = "";
			targets = (
				6D20ECF72E6F4FC30041B24E /* XibApp */,
				6D20ED062E6F4FC50041B24E /* XibAppTests */,
				6D20ED102E6F4FC50041B24E /* XibAppUITests */,
			);
		};
/* End PBXProject section */

/* Begin PBXResourcesBuildPhase section */
		6D20ECF62E6F4FC30041B24E /* Resources */ = {
			isa = PBXResourcesBuildPhase;
			buildActionMask = 2147483647;
			files = (
			);
			runOnlyForDeploymentPostprocessing = 0;
		};
		6D20ED052E6F4FC50041B24E /* Resources */ = {
			isa = PBXResourcesBuildPhase;
			buildActionMask = 2147483647;
			files = (
			);
			runOnlyForDeploymentPostprocessing = 0;
		};
		6D20ED0F2E6F4FC50041B24E /* Resources */ = {
			isa = PBXResourcesBuildPhase;
			buildActionMask = 2147483647;
			files = (
			);
			runOnlyForDeploymentPostprocessing = 0;
		};
/* End PBXResourcesBuildPhase section */

/* Begin PBXSourcesBuildPhase section */
		6D20ECF42E6F4FC30041B24E /* Sources */ = {
			isa = PBXSourcesBuildPhase;
			buildActionMask = 2147483647;
			files = (
			);
			runOnlyForDeploymentPostprocessing = 0;
		};
		6D20ED032E6F4FC50041B24E /* Sources */ = {
			isa = PBXSourcesBuildPhase;
			buildActionMask = 2147483647;
			files = (
			);
			runOnlyForDeploymentPostprocessing = 0;
		};
		6D20ED0D2E6F4FC50041B24E /* Sources */ = {
			isa = PBXSourcesBuildPhase;
			buildActionMask = 2147483647;
			files = (
			);
			runOnlyForDeploymentPostprocessing = 0;
		};
/* End PBXSourcesBuildPhase section */

/* Begin PBXTargetDependency section */
		6D20ED092E6F4FC50041B24E /* PBXTargetDependency */ = {
			isa = PBXTargetDependency;
			target = 6D20ECF72E6F4FC30041B24E /* XibApp */;
			targetProxy = 6D20ED082E6F4FC50041B24E /* PBXContainerItemProxy */;
		};
		6D20ED132E6F4FC50041B24E /* PBXTargetDependency */ = {
			isa = PBXTargetDependency;
			target = 6D20ECF72E6F4FC30041B24E /* XibApp */;
			targetProxy = 6D20ED122E6F4FC50041B24E /* PBXContainerItemProxy */;
		};
/* End PBXTargetDependency section */

/* Begin XCBuildConfiguration section */
		6D20ED192E6F4FC50041B24E /* Debug */ = {
			isa = XCBuildConfiguration;
			buildSettings = {
				ALWAYS_SEARCH_USER_PATHS = NO;
				ASSETCATALOG_COMPILER_GENERATE_SWIFT_ASSET_SYMBOL_EXTENSIONS = YES;
				CLANG_ANALYZER_NONNULL = YES;
				CLANG_ANALYZER_NUMBER_OBJECT_CONVERSION = YES_AGGRESSIVE;
				CLANG_CXX_LANGUAGE_STANDARD = "gnu++20";
				CLANG_ENABLE_MODULES = YES;
				CLANG_ENABLE_OBJC_ARC = YES;
				CLANG_ENABLE_OBJC_WEAK = YES;
				CLANG_WARN_BLOCK_CAPTURE_AUTORELEASING = YES;
				CLANG_WARN_BOOL_CONVERSION = YES;
				CLANG_WARN_COMMA = YES;
				CLANG_WARN_CONSTANT_CONVERSION = YES;
				CLANG_WARN_DEPRECATED_OBJC_IMPLEMENTATIONS = YES;
				CLANG_WARN_DIRECT_OBJC_ISA_USAGE = YES_ERROR;
				CLANG_WARN_DOCUMENTATION_COMMENTS = YES;
				CLANG_WARN_EMPTY_BODY = YES;
				CLANG_WARN_ENUM_CONVERSION = YES;
				CLANG_WARN_INFINITE_RECURSION = YES;
				CLANG_WARN_INT_CONVERSION = YES;
				CLANG_WARN_NON_LITERAL_NULL_CONVERSION = YES;
				CLANG_WARN_OBJC_IMPLICIT_RETAIN_SELF = YES;
				CLANG_WARN_OBJC_LITERAL_CONVERSION = YES;
				CLANG_WARN_OBJC_ROOT_CLASS = YES_ERROR;
				CLANG_WARN_QUOTED_INCLUDE_IN_FRAMEWORK_HEADER = YES;
				CLANG_WARN_RANGE_LOOP_ANALYSIS = YES;
				CLANG_WARN_STRICT_PROTOTYPES = YES;
				CLANG_WARN_SUSPICIOUS_MOVE = YES;
				CLANG_WARN_UNGUARDED_AVAILABILITY = YES_AGGRESSIVE;
				CLANG_WARN_UNREACHABLE_CODE = YES;
				CLANG_WARN__DUPLICATE_METHOD_MATCH = YES;
				COPY_PHASE_STRIP = NO;
				DEBUG_INFORMATION_FORMAT = dwarf;
				DEVELOPMENT_TEAM = VL8BWX6G64;
				ENABLE_STRICT_OBJC_MSGSEND = YES;
				ENABLE_TESTABILITY = YES;
				ENABLE_USER_SCRIPT_SANDBOXING = YES;
				GCC_C_LANGUAGE_STANDARD = gnu17;
				GCC_DYNAMIC_NO_PIC = NO;
				GCC_NO_COMMON_BLOCKS = YES;
				GCC_OPTIMIZATION_LEVEL = 0;
				GCC_PREPROCESSOR_DEFINITIONS = (
					"DEBUG=1",
					"$(inherited)",
				);
				GCC_WARN_64_TO_32_BIT_CONVERSION = YES;
				GCC_WARN_ABOUT_RETURN_TYPE = YES_ERROR;
				GCC_WARN_UNDECLARED_SELECTOR = YES;
				GCC_WARN_UNINITIALIZED_AUTOS = YES_AGGRESSIVE;
				GCC_WARN_UNUSED_FUNCTION = YES;
				GCC_WARN_UNUSED_VARIABLE = YES;
				IPHONEOS_DEPLOYMENT_TARGET = 18.5;
				LOCALIZATION_PREFERS_STRING_CATALOGS = YES;
				MTL_ENABLE_DEBUG_INFO = INCLUDE_SOURCE;
				MTL_FAST_MATH = YES;
				ONLY_ACTIVE_ARCH = YES;
				SDKROOT = iphoneos;
				STRING_CATALOG_GENERATE_SYMBOLS = YES;
				SWIFT_ACTIVE_COMPILATION_CONDITIONS = "DEBUG $(inherited)";
				SWIFT_OPTIMIZATION_LEVEL = "-Onone";
			};
			name = Debug;
		};
		6D20ED1A2E6F4FC50041B24E /* Release */ = {
			isa = XCBuildConfiguration;
			buildSettings = {
				ALWAYS_SEARCH_USER_PATHS = NO;
				ASSETCATALOG_COMPILER_GENERATE_SWIFT_ASSET_SYMBOL_EXTENSIONS = YES;
				CLANG_ANALYZER_NONNULL = YES;
				CLANG_ANALYZER_NUMBER_OBJECT_CONVERSION = YES_AGGRESSIVE;
				CLANG_CXX_LANGUAGE_STANDARD = "gnu++20";
				CLANG_ENABLE_MODULES = YES;
				CLANG_ENABLE_OBJC_ARC = YES;
				CLANG_ENABLE_OBJC_WEAK = YES;
				CLANG_WARN_BLOCK_CAPTURE_AUTORELEASING = YES;
				CLANG_WARN_BOOL_CONVERSION = YES;
				CLANG_WARN_COMMA = YES;
				CLANG_WARN_CONSTANT_CONVERSION = YES;
				CLANG_WARN_DEPRECATED_OBJC_IMPLEMENTATIONS = YES;
				CLANG_WARN_DIRECT_OBJC_ISA_USAGE = YES_ERROR;
				CLANG_WARN_DOCUMENTATION_COMMENTS = YES;
				CLANG_WARN_EMPTY_BODY = YES;
				CLANG_WARN_ENUM_CONVERSION = YES;
				CLANG_WARN_INFINITE_RECURSION = YES;
				CLANG_WARN_INT_CONVERSION = YES;
				CLANG_WARN_NON_LITERAL_NULL_CONVERSION = YES;
				CLANG_WARN_OBJC_IMPLICIT_RETAIN_SELF = YES;
				CLANG_WARN_OBJC_LITERAL_CONVERSION = YES;
				CLANG_WARN_OBJC_ROOT_CLASS = YES_ERROR;
				CLANG_WARN_QUOTED_INCLUDE_IN_FRAMEWORK_HEADER = YES;
				CLANG_WARN_RANGE_LOOP_ANALYSIS = YES;
				CLANG_WARN_STRICT_PROTOTYPES = YES;
				CLANG_WARN_SUSPICIOUS_MOVE = YES;
				CLANG_WARN_UNGUARDED_AVAILABILITY = YES_AGGRESSIVE;
				CLANG_WARN_UNREACHABLE_CODE = YES;
				CLANG_WARN__DUPLICATE_METHOD_MATCH = YES;
				COPY_PHASE_STRIP = NO;
				DEBUG_INFORMATION_FORMAT = "dwarf-with-dsym";
				DEVELOPMENT_TEAM = VL8BWX6G64;
				ENABLE_NS_ASSERTIONS = NO;
				ENABLE_STRICT_OBJC_MSGSEND = YES;
				ENABLE_USER_SCRIPT_SANDBOXING = YES;
				GCC_C_LANGUAGE_STANDARD = gnu17;
				GCC_NO_COMMON_BLOCKS = YES;
				GCC_WARN_64_TO_32_BIT_CONVERSION = YES;
				GCC_WARN_ABOUT_RETURN_TYPE = YES_ERROR;
				GCC_WARN_UNDECLARED_SELECTOR = YES;
				GCC_WARN_UNINITIALIZED_AUTOS = YES_AGGRESSIVE;
				GCC_WARN_UNUSED_FUNCTION = YES;
				GCC_WARN_UNUSED_VARIABLE = YES;
				IPHONEOS_DEPLOYMENT_TARGET = 18.5;
				LOCALIZATION_PREFERS_STRING_CATALOGS = YES;
				MTL_ENABLE_DEBUG_INFO = NO;
				MTL_FAST_MATH = YES;
				SDKROOT = iphoneos;
				STRING_CATALOG_GENERATE_SYMBOLS = YES;
				SWIFT_COMPILATION_MODE = wholemodule;
				VALIDATE_PRODUCT = YES;
			};
			name = Release;
		};
		6D20ED1C2E6F4FC50041B24E /* Debug */ = {
			isa = XCBuildConfiguration;
			buildSettings = {
				ASSETCATALOG_COMPILER_APPICON_NAME = LogoNew;
				ASSETCATALOG_COMPILER_GLOBAL_ACCENT_COLOR_NAME = AccentColor;
				CODE_SIGN_STYLE = Automatic;
				CURRENT_PROJECT_VERSION = 1;
				DEVELOPMENT_TEAM = VL8BWX6G64;
				ENABLE_PREVIEWS = YES;
				GENERATE_INFOPLIST_FILE = YES;
				INFOPLIST_FILE = XibApp/Info.plist;
				INFOPLIST_KEY_UIApplicationSceneManifest_Generation = YES;
				INFOPLIST_KEY_UIApplicationSupportsIndirectInputEvents = YES;
				INFOPLIST_KEY_UILaunchScreen_Generation = YES;
				INFOPLIST_KEY_UISupportedInterfaceOrientations_iPad = "UIInterfaceOrientationPortrait UIInterfaceOrientationPortraitUpsideDown UIInterfaceOrientationLandscapeLeft UIInterfaceOrientationLandscapeRight";
				INFOPLIST_KEY_UISupportedInterfaceOrientations_iPhone = "UIInterfaceOrientationPortrait UIInterfaceOrientationLandscapeLeft UIInterfaceOrientationLandscapeRight";
				LD_RUNPATH_SEARCH_PATHS = (
					"$(inherited)",
					"@executable_path/Frameworks",
				);
				MARKETING_VERSION = 1.0;
				PRODUCT_BUNDLE_IDENTIFIER = Medinova.XibApp;
				PRODUCT_NAME = "$(TARGET_NAME)";
				SWIFT_EMIT_LOC_STRINGS = YES;
				SWIFT_VERSION = 5.0;
				TARGETED_DEVICE_FAMILY = "1,2";
			};
			name = Debug;
		};
		6D20ED1D2E6F4FC50041B24E /* Release */ = {
			isa = XCBuildConfiguration;
			buildSettings = {
				ASSETCATALOG_COMPILER_APPICON_NAME = LogoNew;
				ASSETCATALOG_COMPILER_GLOBAL_ACCENT_COLOR_NAME = AccentColor;
				CODE_SIGN_STYLE = Automatic;
				CURRENT_PROJECT_VERSION = 1;
				DEVELOPMENT_TEAM = VL8BWX6G64;
				ENABLE_PREVIEWS = YES;
				GENERATE_INFOPLIST_FILE = YES;
				INFOPLIST_FILE = XibApp/Info.plist;
				INFOPLIST_KEY_UIApplicationSceneManifest_Generation = YES;
				INFOPLIST_KEY_UIApplicationSupportsIndirectInputEvents = YES;
				INFOPLIST_KEY_UILaunchScreen_Generation = YES;
				INFOPLIST_KEY_UISupportedInterfaceOrientations_iPad = "UIInterfaceOrientationPortrait UIInterfaceOrientationPortraitUpsideDown UIInterfaceOrientationLandscapeLeft UIInterfaceOrientationLandscapeRight";
				INFOPLIST_KEY_UISupportedInterfaceOrientations_iPhone = "UIInterfaceOrientationPortrait UIInterfaceOrientationLandscapeLeft UIInterfaceOrientationLandscapeRight";
				LD_RUNPATH_SEARCH_PATHS = (
					"$(inherited)",
					"@executable_path/Frameworks",
				);
				MARKETING_VERSION = 1.0;
				PRODUCT_BUNDLE_IDENTIFIER = Medinova.XibApp;
				PRODUCT_NAME = "$(TARGET_NAME)";
				SWIFT_EMIT_LOC_STRINGS = YES;
				SWIFT_VERSION = 5.0;
				TARGETED_DEVICE_FAMILY = "1,2";
			};
			name = Release;
		};
		6D20ED1F2E6F4FC50041B24E /* Debug */ = {
			isa = XCBuildConfiguration;
			buildSettings = {
				BUNDLE_LOADER = "$(TEST_HOST)";
				CODE_SIGN_STYLE = Automatic;
				CURRENT_PROJECT_VERSION = 1;
				DEVELOPMENT_TEAM = VL8BWX6G64;
				GENERATE_INFOPLIST_FILE = YES;
				IPHONEOS_DEPLOYMENT_TARGET = 18.5;
				MARKETING_VERSION = 1.0;
				PRODUCT_BUNDLE_IDENTIFIER = Medinova.XibAppTests;
				PRODUCT_NAME = "$(TARGET_NAME)";
				SWIFT_EMIT_LOC_STRINGS = NO;
				SWIFT_VERSION = 5.0;
				TARGETED_DEVICE_FAMILY = "1,2";
				TEST_HOST = "$(BUILT_PRODUCTS_DIR)/XibApp.app/$(BUNDLE_EXECUTABLE_FOLDER_PATH)/XibApp";
			};
			name = Debug;
		};
		6D20ED202E6F4FC50041B24E /* Release */ = {
			isa = XCBuildConfiguration;
			buildSettings = {
				BUNDLE_LOADER = "$(TEST_HOST)";
				CODE_SIGN_STYLE = Automatic;
				CURRENT_PROJECT_VERSION = 1;
				DEVELOPMENT_TEAM = VL8BWX6G64;
				GENERATE_INFOPLIST_FILE = YES;
				IPHONEOS_DEPLOYMENT_TARGET = 18.5;
				MARKETING_VERSION = 1.0;
				PRODUCT_BUNDLE_IDENTIFIER = Medinova.XibAppTests;
				PRODUCT_NAME = "$(TARGET_NAME)";
				SWIFT_EMIT_LOC_STRINGS = NO;
				SWIFT_VERSION = 5.0;
				TARGETED_DEVICE_FAMILY = "1,2";
				TEST_HOST = "$(BUILT_PRODUCTS_DIR)/XibApp.app/$(BUNDLE_EXECUTABLE_FOLDER_PATH)/XibApp";
			};
			name = Release;
		};
		6D20ED222E6F4FC50041B24E /* Debug */ = {
			isa = XCBuildConfiguration;
			buildSettings = {
				CODE_SIGN_STYLE = Automatic;
				CURRENT_PROJECT_VERSION = 1;
				DEVELOPMENT_TEAM = VL8BWX6G64;
				GENERATE_INFOPLIST_FILE = YES;
				MARKETING_VERSION = 1.0;
				PRODUCT_BUNDLE_IDENTIFIER = Medinova.XibAppUITests;
				PRODUCT_NAME = "$(TARGET_NAME)";
				SWIFT_EMIT_LOC_STRINGS = NO;
				SWIFT_VERSION = 5.0;
				TARGETED_DEVICE_FAMILY = "1,2";
				TEST_TARGET_NAME = XibApp;
			};
			name = Debug;
		};
		6D20ED232E6F4FC50041B24E /* Release */ = {
			isa = XCBuildConfiguration;
			buildSettings = {
				CODE_SIGN_STYLE = Automatic;
				CURRENT_PROJECT_VERSION = 1;
				DEVELOPMENT_TEAM = VL8BWX6G64;
				GENERATE_INFOPLIST_FILE = YES;
				MARKETING_VERSION = 1.0;
				PRODUCT_BUNDLE_IDENTIFIER = Medinova.XibAppUITests;
				PRODUCT_NAME = "$(TARGET_NAME)";
				SWIFT_EMIT_LOC_STRINGS = NO;
				SWIFT_VERSION = 5.0;
				TARGETED_DEVICE_FAMILY = "1,2";
				TEST_TARGET_NAME = XibApp;
			};
			name = Release;
		};
/* End XCBuildConfiguration section */

/* Begin XCConfigurationList section */
		6D20ECF32E6F4FC30041B24E /* Build configuration list for PBXProject "XibApp" */ = {
			isa = XCConfigurationList;
			buildConfigurations = (
				6D20ED192E6F4FC50041B24E /* Debug */,
				6D20ED1A2E6F4FC50041B24E /* Release */,
			);
			defaultConfigurationIsVisible = 0;
			defaultConfigurationName = Release;
		};
		6D20ED1B2E6F4FC50041B24E /* Build configuration list for PBXNativeTarget "XibApp" */ = {
			isa = XCConfigurationList;
			buildConfigurations = (
				6D20ED1C2E6F4FC50041B24E /* Debug */,
				6D20ED1D2E6F4FC50041B24E /* Release */,
			);
			defaultConfigurationIsVisible = 0;
			defaultConfigurationName = Release;
		};
		6D20ED1E2E6F4FC50041B24E /* Build configuration list for PBXNativeTarget "XibAppTests" */ = {
			isa = XCConfigurationList;
			buildConfigurations = (
				6D20ED1F2E6F4FC50041B24E /* Debug */,
				6D20ED202E6F4FC50041B24E /* Release */,
			);
			defaultConfigurationIsVisible = 0;
			defaultConfigurationName = Release;
		};
		6D20ED212E6F4FC50041B24E /* Build configuration list for PBXNativeTarget "XibAppUITests" */ = {
			isa = XCConfigurationList;
			buildConfigurations = (
				6D20ED222E6F4FC50041B24E /* Debug */,
				6D20ED232E6F4FC50041B24E /* Release */,
			);
			defaultConfigurationIsVisible = 0;
			defaultConfigurationName = Release;
		};
/* End XCConfigurationList section */

/* Begin XCRemoteSwiftPackageReference section */
		6D5650132E7B98E2005A3766 /* XCRemoteSwiftPackageReference "supabase-swift" */ = {
			isa = XCRemoteSwiftPackageReference;
			repositoryURL = "https://github.com/supabase/supabase-swift.git";
			requirement = {
				kind = upToNextMajorVersion;
				minimumVersion = 2.5.1;
			};
		};
/* End XCRemoteSwiftPackageReference section */

/* Begin XCSwiftPackageProductDependency section */
		6D5650142E7B98E2005A3766 /* Auth */ = {
			isa = XCSwiftPackageProductDependency;
			package = 6D5650132E7B98E2005A3766 /* XCRemoteSwiftPackageReference "supabase-swift" */;
			productName = Auth;
		};
		6D5650162E7B98E2005A3766 /* Functions */ = {
			isa = XCSwiftPackageProductDependency;
			package = 6D5650132E7B98E2005A3766 /* XCRemoteSwiftPackageReference "supabase-swift" */;
			productName = Functions;
		};
		6D5650182E7B98E2005A3766 /* PostgREST */ = {
			isa = XCSwiftPackageProductDependency;
			package = 6D5650132E7B98E2005A3766 /* XCRemoteSwiftPackageReference "supabase-swift" */;
			productName = PostgREST;
		};
		6D56501A2E7B98E2005A3766 /* Realtime */ = {
			isa = XCSwiftPackageProductDependency;
			package = 6D5650132E7B98E2005A3766 /* XCRemoteSwiftPackageReference "supabase-swift" */;
			productName = Realtime;
		};
		6D56501C2E7B98E2005A3766 /* Storage */ = {
			isa = XCSwiftPackageProductDependency;
			package = 6D5650132E7B98E2005A3766 /* XCRemoteSwiftPackageReference "supabase-swift" */;
			productName = Storage;
		};
		6D7FCA6D2E7BA0A5000BC851 /* Supabase */ = {
			isa = XCSwiftPackageProductDependency;
			package = 6D5650132E7B98E2005A3766 /* XCRemoteSwiftPackageReference "supabase-swift" */;
			productName = Supabase;
		};
/* End XCSwiftPackageProductDependency section */
	};
	rootObject = 6D20ECF02E6F4FC30041B24E /* Project object */;
}
